<?xml version="1.0" encoding="utf-8"?>
<Project ToolsVersion="4.0" xmlns="http://schemas.microsoft.com/developer/msbuild/2003">
  <ItemGroup>
    <Filter Include="Source Files">
      <UniqueIdentifier>{4FC737F1-C7A5-4376-A066-2A32D752A2FF}</UniqueIdentifier>
      <Extensions>cpp;c;cc;cxx;c++;cppm;ixx;def;odl;idl;hpj;bat;asm;asmx</Extensions>
    </Filter>
    <Filter Include="Header Files">
      <UniqueIdentifier>{93995380-89BD-4b04-88EB-625FBE52EBFB}</UniqueIdentifier>
      <Extensions>h;hh;hpp;hxx;h++;hm;inl;inc;ipp;xsd</Extensions>
    </Filter>
    <Filter Include="Resource Files">
      <UniqueIdentifier>{67DA6AB6-F800-4c08-8B7A-83BB121AAD01}</UniqueIdentifier>
      <Extensions>rc;ico;cur;bmp;dlg;rc2;rct;bin;rgs;gif;jpg;jpeg;jpe;resx;tiff;tif;png;wav;mfcribbon-ms</Extensions>
    </Filter>
    <Filter Include="Forms">
      <UniqueIdentifier>{5542f055-b370-4140-9511-298e15a3908d}</UniqueIdentifier>
    </Filter>
  </ItemGroup>
  <ItemGroup>
    <ClCompile Include="personal_finance_manager.cpp">
      <Filter>Source Files</Filter>
    </ClCompile>
    <ClCompile Include="FormCards.cpp">
      <Filter>Forms</Filter>
    </ClCompile>
    <ClCompile Include="FormRatings.cpp">
      <Filter>Forms</Filter>
    </ClCompile>
    <ClCompile Include="FormExpenses.cpp">
      <Filter>Forms</Filter>
    </ClCompile>
    <ClCompile Include="ADRCards.cpp">
      <Filter>Forms</Filter>
    </ClCompile>
    <ClCompile Include="DeleteCards.cpp">
      <Filter>Forms</Filter>
    </ClCompile>
    <ClCompile Include="ChangeCards.cpp">
      <Filter>Forms</Filter>
    </ClCompile>
    <ClCompile Include="AddBalance.cpp">
      <Filter>Forms</Filter>
    </ClCompile>
    <ClCompile Include="AddExpenses.cpp">
      <Filter>Forms</Filter>
    </ClCompile>
    <ClCompile Include="EditExpenses.cpp">
      <Filter>Forms</Filter>
    </ClCompile>
    <ClCompile Include="DeleteExpenses.cpp">
      <Filter>Forms</Filter>
    </ClCompile>
    <ClCompile Include="CreateReport.cpp">
      <Filter>Forms</Filter>
    </ClCompile>
  </ItemGroup>
  <ItemGroup>
    <ClInclude Include="personal_finance_manager.h">
      <Filter>Header Files</Filter>
    </ClInclude>
    <ClInclude Include="FormCards.h">
      <Filter>Forms</Filter>
    </ClInclude>
    <ClInclude Include="FormRatings.h">
      <Filter>Forms</Filter>
    </ClInclude>
    <ClInclude Include="FormExpenses.h">
      <Filter>Forms</Filter>
    </ClInclude>
    <ClInclude Include="ADRCards.h">
      <Filter>Forms</Filter>
    </ClInclude>
    <ClInclude Include="DeleteCards.h">
      <Filter>Forms</Filter>
    </ClInclude>
    <ClInclude Include="ChangeCards.h">
      <Filter>Forms</Filter>
    </ClInclude>
    <ClInclude Include="AddBalance.h">
      <Filter>Forms</Filter>
    </ClInclude>
    <ClInclude Include="AddExpenses.h">
      <Filter>Forms</Filter>
    </ClInclude>
    <ClInclude Include="EditExpenses.h">
      <Filter>Forms</Filter>
    </ClInclude>
    <ClInclude Include="DeleteExpenses.h">
      <Filter>Forms</Filter>
    </ClInclude>
    <ClInclude Include="CreateReport.h">
      <Filter>Forms</Filter>
    </ClInclude>
    <ClInclude Include="resource.h">
      <Filter>Header Files</Filter>
    </ClInclude>
  </ItemGroup>
  <ItemGroup>
    <Image Include="..\..\..\..\..\Проги\space-shrooms\ICO\clipboard 2.ico">
      <Filter>Resource Files</Filter>
    </Image>
    <Image Include="C:\Users\nikit\Downloads\Breezeicons-emblems-16-vcs-updat.png">
      <Filter>Resource Files</Filter>
    </Image>
  </ItemGroup>
  <ItemGroup>
    <ResourceCompile Include="personal_finance_manager.rc">
      <Filter>Resource Files</Filter>
    </ResourceCompile>
  </ItemGroup>
</Project>